
Microsoft Visual Studio Solution File, Format Version 12.00
# Visual Studio Version 17
VisualStudioVersion = 17.14.36301.6 d17.14
MinimumVisualStudioVersion = 10.0.40219.1
Project("{2150E333-8FDC-42A3-9474-1A3956D46DE8}") = "Services", "Services", "{02EA681E-C7D8-13C7-8484-4AC65E1B71E8}"
EndProject
Project("{2150E333-8FDC-42A3-9474-1A3956D46DE8}") = "ProductService", "ProductService", "{47D9761F-F8B7-4F68-8FC1-3A665CEC3B0A}"
EndProject
Project("{FAE04EC0-301F-11D3-BF4B-00C04F79EFBC}") = "ProductService.Api", "ProductService.Api\ProductService.Api.csproj", "{E4730B1F-27A8-462C-ADFA-3D6FBEF94F6B}"
EndProject
Project("{FAE04EC0-301F-11D3-BF4B-00C04F79EFBC}") = "ProductService.Application", "ProductService.Application\ProductService.Application.csproj", "{E198CECB-A664-404F-93AD-015A7C2AF4DF}"
EndProject
Project("{2150E333-8FDC-42A3-9474-1A3956D46DE8}") = "Solution Items", "Solution Items", "{8EC462FD-D22E-90A8-E5CE-7E832BA40C5D}"
	ProjectSection(SolutionItems) = preProject
		.gitignore = .gitignore
	EndProjectSection
EndProject
Project("{FAE04EC0-301F-11D3-BF4B-00C04F79EFBC}") = "ProductService.Domain", "ProductService.Domain\ProductService.Domain.csproj", "{2EE03EF0-ED0A-4238-9E46-86C44DFF7D5D}"
EndProject
Project("{FAE04EC0-301F-11D3-BF4B-00C04F79EFBC}") = "ProductService.Infrastructure", "ProductService.Infrastructure\ProductService.Infrastructure.csproj", "{7659650A-5124-4CB8-9FB5-2F89F2E5A3E6}"
EndProject
Project("{2150E333-8FDC-42A3-9474-1A3956D46DE8}") = "OrderService", "OrderService", "{D1E987C9-ABF2-4625-AD39-ED030ED80CC1}"
EndProject
Project("{2150E333-8FDC-42A3-9474-1A3956D46DE8}") = "PaymentService", "PaymentService", "{19AD4E4B-6A9B-469E-A205-72121A6283D9}"
EndProject
Project("{FAE04EC0-301F-11D3-BF4B-00C04F79EFBC}") = "PaymentService.Api", "PaymentService.Api\PaymentService.Api.csproj", "{2E167EEF-38FD-4462-B10B-78748A3E9F83}"
EndProject
Project("{FAE04EC0-301F-11D3-BF4B-00C04F79EFBC}") = "OrderService.Api", "OrderService.Api\OrderService.Api.csproj", "{7CB1A2DA-C62D-413A-9E53-3B8E5C75D7E6}"
EndProject
Project("{2150E333-8FDC-42A3-9474-1A3956D46DE8}") = "CustomerService", "CustomerService", "{DB4A924F-44AC-42AD-A18B-DC37E687DE3D}"
EndProject
Project("{FAE04EC0-301F-11D3-BF4B-00C04F79EFBC}") = "CustomerService.Api", "CustomerService.Api\CustomerService.Api.csproj", "{4FF9BF5E-D9DE-46FA-8FDB-3182F612D7B9}"
EndProject
Project("{2150E333-8FDC-42A3-9474-1A3956D46DE8}") = "ReportService", "ReportService", "{666B43F9-4942-40D9-86E7-14FA2AF74D5E}"
EndProject
Project("{FAE04EC0-301F-11D3-BF4B-00C04F79EFBC}") = "ReportService.Api", "ReportService.Api\ReportService.Api.csproj", "{01648437-1583-4E25-80E9-B02817A5321B}"
EndProject
Project("{2150E333-8FDC-42A3-9474-1A3956D46DE8}") = "Shared", "Shared", "{27B1A12C-100F-47A2-BB41-E89102D49CE9}"
EndProject
Project("{2150E333-8FDC-42A3-9474-1A3956D46DE8}") = "ApiGateway", "ApiGateway", "{F4D7C498-D197-4CDC-B2DD-B7DA3F72CF5B}"
EndProject
Project("{FAE04EC0-301F-11D3-BF4B-00C04F79EFBC}") = "Shared.Common", "Shared.Common\Shared.Common.csproj", "{D608FA7B-A69D-4242-91C3-CAAC018DDFFE}"
EndProject
Project("{FAE04EC0-301F-11D3-BF4B-00C04F79EFBC}") = "Shared.Messaging", "Shared.Messaging\Shared.Messaging.csproj", "{B1011A3D-6915-4709-8068-EBA68E8EB333}"
EndProject
Project("{FAE04EC0-301F-11D3-BF4B-00C04F79EFBC}") = "ApiGateway.Api", "ApiGateway.Api\ApiGateway.Api.csproj", "{458F3CEC-1250-43A9-80CA-27D2A426A7DF}"
EndProject
Project("{2150E333-8FDC-42A3-9474-1A3956D46DE8}") = "AuthService", "AuthService", "{1A01BAE8-0ACD-47CC-A71E-099B2ADC5907}"
EndProject
Project("{FAE04EC0-301F-11D3-BF4B-00C04F79EFBC}") = "AuthService.Api", "AuthService.Api\AuthService.Api.csproj", "{EFF75112-771D-43F2-8DEC-80297E63E49F}"
EndProject
Project("{2150E333-8FDC-42A3-9474-1A3956D46DE8}") = "InventoryService", "InventoryService", "{177BBA70-9359-43E3-AB46-441CD8389720}"
EndProject
Project("{FAE04EC0-301F-11D3-BF4B-00C04F79EFBC}") = "InventoryService.Api", "InventoryService.Api\InventoryService.Api.csproj", "{1F2335F8-3566-453C-88E4-38C50BD2642B}"
EndProject
Global
	GlobalSection(SolutionConfigurationPlatforms) = preSolution
		Debug|Any CPU = Debug|Any CPU
		Release|Any CPU = Release|Any CPU
	EndGlobalSection
	GlobalSection(ProjectConfigurationPlatforms) = postSolution
		{E4730B1F-27A8-462C-ADFA-3D6FBEF94F6B}.Debug|Any CPU.ActiveCfg = Debug|Any CPU
		{E4730B1F-27A8-462C-ADFA-3D6FBEF94F6B}.Debug|Any CPU.Build.0 = Debug|Any CPU
		{E4730B1F-27A8-462C-ADFA-3D6FBEF94F6B}.Release|Any CPU.ActiveCfg = Release|Any CPU
		{E4730B1F-27A8-462C-ADFA-3D6FBEF94F6B}.Release|Any CPU.Build.0 = Release|Any CPU
		{E198CECB-A664-404F-93AD-015A7C2AF4DF}.Debug|Any CPU.ActiveCfg = Debug|Any CPU
		{E198CECB-A664-404F-93AD-015A7C2AF4DF}.Debug|Any CPU.Build.0 = Debug|Any CPU
		{E198CECB-A664-404F-93AD-015A7C2AF4DF}.Release|Any CPU.ActiveCfg = Release|Any CPU
		{E198CECB-A664-404F-93AD-015A7C2AF4DF}.Release|Any CPU.Build.0 = Release|Any CPU
		{2EE03EF0-ED0A-4238-9E46-86C44DFF7D5D}.Debug|Any CPU.ActiveCfg = Debug|Any CPU
		{2EE03EF0-ED0A-4238-9E46-86C44DFF7D5D}.Debug|Any CPU.Build.0 = Debug|Any CPU
		{2EE03EF0-ED0A-4238-9E46-86C44DFF7D5D}.Release|Any CPU.ActiveCfg = Release|Any CPU
		{2EE03EF0-ED0A-4238-9E46-86C44DFF7D5D}.Release|Any CPU.Build.0 = Release|Any CPU
		{7659650A-5124-4CB8-9FB5-2F89F2E5A3E6}.Debug|Any CPU.ActiveCfg = Debug|Any CPU
		{7659650A-5124-4CB8-9FB5-2F89F2E5A3E6}.Debug|Any CPU.Build.0 = Debug|Any CPU
		{7659650A-5124-4CB8-9FB5-2F89F2E5A3E6}.Release|Any CPU.ActiveCfg = Release|Any CPU
		{7659650A-5124-4CB8-9FB5-2F89F2E5A3E6}.Release|Any CPU.Build.0 = Release|Any CPU
		{2E167EEF-38FD-4462-B10B-78748A3E9F83}.Debug|Any CPU.ActiveCfg = Debug|Any CPU
		{2E167EEF-38FD-4462-B10B-78748A3E9F83}.Debug|Any CPU.Build.0 = Debug|Any CPU
		{2E167EEF-38FD-4462-B10B-78748A3E9F83}.Release|Any CPU.ActiveCfg = Release|Any CPU
		{2E167EEF-38FD-4462-B10B-78748A3E9F83}.Release|Any CPU.Build.0 = Release|Any CPU
		{7CB1A2DA-C62D-413A-9E53-3B8E5C75D7E6}.Debug|Any CPU.ActiveCfg = Debug|Any CPU
		{7CB1A2DA-C62D-413A-9E53-3B8E5C75D7E6}.Debug|Any CPU.Build.0 = Debug|Any CPU
		{7CB1A2DA-C62D-413A-9E53-3B8E5C75D7E6}.Release|Any CPU.ActiveCfg = Release|Any CPU
		{7CB1A2DA-C62D-413A-9E53-3B8E5C75D7E6}.Release|Any CPU.Build.0 = Release|Any CPU
		{4FF9BF5E-D9DE-46FA-8FDB-3182F612D7B9}.Debug|Any CPU.ActiveCfg = Debug|Any CPU
		{4FF9BF5E-D9DE-46FA-8FDB-3182F612D7B9}.Debug|Any CPU.Build.0 = Debug|Any CPU
		{4FF9BF5E-D9DE-46FA-8FDB-3182F612D7B9}.Release|Any CPU.ActiveCfg = Release|Any CPU
		{4FF9BF5E-D9DE-46FA-8FDB-3182F612D7B9}.Release|Any CPU.Build.0 = Release|Any CPU
		{01648437-1583-4E25-80E9-B02817A5321B}.Debug|Any CPU.ActiveCfg = Debug|Any CPU
		{01648437-1583-4E25-80E9-B02817A5321B}.Debug|Any CPU.Build.0 = Debug|Any CPU
		{01648437-1583-4E25-80E9-B02817A5321B}.Release|Any CPU.ActiveCfg = Release|Any CPU
		{01648437-1583-4E25-80E9-B02817A5321B}.Release|Any CPU.Build.0 = Release|Any CPU
		{D608FA7B-A69D-4242-91C3-CAAC018DDFFE}.Debug|Any CPU.ActiveCfg = Debug|Any CPU
		{D608FA7B-A69D-4242-91C3-CAAC018DDFFE}.Debug|Any CPU.Build.0 = Debug|Any CPU
		{D608FA7B-A69D-4242-91C3-CAAC018DDFFE}.Release|Any CPU.ActiveCfg = Release|Any CPU
		{D608FA7B-A69D-4242-91C3-CAAC018DDFFE}.Release|Any CPU.Build.0 = Release|Any CPU
		{B1011A3D-6915-4709-8068-EBA68E8EB333}.Debug|Any CPU.ActiveCfg = Debug|Any CPU
		{B1011A3D-6915-4709-8068-EBA68E8EB333}.Debug|Any CPU.Build.0 = Debug|Any CPU
		{B1011A3D-6915-4709-8068-EBA68E8EB333}.Release|Any CPU.ActiveCfg = Release|Any CPU
		{B1011A3D-6915-4709-8068-EBA68E8EB333}.Release|Any CPU.Build.0 = Release|Any CPU
		{458F3CEC-1250-43A9-80CA-27D2A426A7DF}.Debug|Any CPU.ActiveCfg = Debug|Any CPU
		{458F3CEC-1250-43A9-80CA-27D2A426A7DF}.Debug|Any CPU.Build.0 = Debug|Any CPU
		{458F3CEC-1250-43A9-80CA-27D2A426A7DF}.Release|Any CPU.ActiveCfg = Release|Any CPU
		{458F3CEC-1250-43A9-80CA-27D2A426A7DF}.Release|Any CPU.Build.0 = Release|Any CPU
		{EFF75112-771D-43F2-8DEC-80297E63E49F}.Debug|Any CPU.ActiveCfg = Debug|Any CPU
		{EFF75112-771D-43F2-8DEC-80297E63E49F}.Debug|Any CPU.Build.0 = Debug|Any CPU
		{EFF75112-771D-43F2-8DEC-80297E63E49F}.Release|Any CPU.ActiveCfg = Release|Any CPU
		{EFF75112-771D-43F2-8DEC-80297E63E49F}.Release|Any CPU.Build.0 = Release|Any CPU
		{1F2335F8-3566-453C-88E4-38C50BD2642B}.Debug|Any CPU.ActiveCfg = Debug|Any CPU
		{1F2335F8-3566-453C-88E4-38C50BD2642B}.Debug|Any CPU.Build.0 = Debug|Any CPU
		{1F2335F8-3566-453C-88E4-38C50BD2642B}.Release|Any CPU.ActiveCfg = Release|Any CPU
		{1F2335F8-3566-453C-88E4-38C50BD2642B}.Release|Any CPU.Build.0 = Release|Any CPU
	EndGlobalSection
	GlobalSection(SolutionProperties) = preSolution
		HideSolutionNode = FALSE
	EndGlobalSection
	GlobalSection(NestedProjects) = preSolution
		{47D9761F-F8B7-4F68-8FC1-3A665CEC3B0A} = {02EA681E-C7D8-13C7-8484-4AC65E1B71E8}
		{E4730B1F-27A8-462C-ADFA-3D6FBEF94F6B} = {47D9761F-F8B7-4F68-8FC1-3A665CEC3B0A}
		{E198CECB-A664-404F-93AD-015A7C2AF4DF} = {47D9761F-F8B7-4F68-8FC1-3A665CEC3B0A}
		{2EE03EF0-ED0A-4238-9E46-86C44DFF7D5D} = {47D9761F-F8B7-4F68-8FC1-3A665CEC3B0A}
		{7659650A-5124-4CB8-9FB5-2F89F2E5A3E6} = {47D9761F-F8B7-4F68-8FC1-3A665CEC3B0A}
		{D1E987C9-ABF2-4625-AD39-ED030ED80CC1} = {02EA681E-C7D8-13C7-8484-4AC65E1B71E8}
		{19AD4E4B-6A9B-469E-A205-72121A6283D9} = {02EA681E-C7D8-13C7-8484-4AC65E1B71E8}
		{2E167EEF-38FD-4462-B10B-78748A3E9F83} = {19AD4E4B-6A9B-469E-A205-72121A6283D9}
		{7CB1A2DA-C62D-413A-9E53-3B8E5C75D7E6} = {D1E987C9-ABF2-4625-AD39-ED030ED80CC1}
		{DB4A924F-44AC-42AD-A18B-DC37E687DE3D} = {02EA681E-C7D8-13C7-8484-4AC65E1B71E8}
		{4FF9BF5E-D9DE-46FA-8FDB-3182F612D7B9} = {DB4A924F-44AC-42AD-A18B-DC37E687DE3D}
		{666B43F9-4942-40D9-86E7-14FA2AF74D5E} = {02EA681E-C7D8-13C7-8484-4AC65E1B71E8}
		{01648437-1583-4E25-80E9-B02817A5321B} = {666B43F9-4942-40D9-86E7-14FA2AF74D5E}
		{D608FA7B-A69D-4242-91C3-CAAC018DDFFE} = {27B1A12C-100F-47A2-BB41-E89102D49CE9}
		{B1011A3D-6915-4709-8068-EBA68E8EB333} = {27B1A12C-100F-47A2-BB41-E89102D49CE9}
		{458F3CEC-1250-43A9-80CA-27D2A426A7DF} = {F4D7C498-D197-4CDC-B2DD-B7DA3F72CF5B}
		{1A01BAE8-0ACD-47CC-A71E-099B2ADC5907} = {02EA681E-C7D8-13C7-8484-4AC65E1B71E8}
		{EFF75112-771D-43F2-8DEC-80297E63E49F} = {1A01BAE8-0ACD-47CC-A71E-099B2ADC5907}
		{177BBA70-9359-43E3-AB46-441CD8389720} = {02EA681E-C7D8-13C7-8484-4AC65E1B71E8}
		{1F2335F8-3566-453C-88E4-38C50BD2642B} = {177BBA70-9359-43E3-AB46-441CD8389720}
	EndGlobalSection
	GlobalSection(ExtensibilityGlobals) = postSolution
		SolutionGuid = {F90D19FB-C492-4CB5-BC52-98D82E5A2FA0}
	EndGlobalSection
EndGlobal
